
Microsoft Visual Studio Solution File, Format Version 12.00
# Visual Studio 15
VisualStudioVersion = 15.0.28307.1433
MinimumVisualStudioVersion = 10.0.40219.1
Project("{FAE04EC0-301F-11D3-BF4B-00C04F79EFBC}") = "LearningArrays", "LearningArrays.csproj", "{B2354AB0-9933-437A-AA8E-6BC470B9B942}"
EndProject
Global
	GlobalSection(SolutionConfigurationPlatforms) = preSolution
		Debug|Any CPU = Debug|Any CPU
		Release|Any CPU = Release|Any CPU
	EndGlobalSection
	GlobalSection(ProjectConfigurationPlatforms) = postSolution
		{B2354AB0-9933-437A-AA8E-6BC470B9B942}.Debug|Any CPU.ActiveCfg = Debug|Any CPU
		{B2354AB0-9933-437A-AA8E-6BC470B9B942}.Debug|Any CPU.Build.0 = Debug|Any CPU
		{B2354AB0-9933-437A-AA8E-6BC470B9B942}.Release|Any CPU.ActiveCfg = Release|Any CPU
		{B2354AB0-9933-437A-AA8E-6BC470B9B942}.Release|Any CPU.Build.0 = Release|Any CPU
	EndGlobalSection
	GlobalSection(SolutionProperties) = preSolution
		HideSolutionNode = FALSE
	EndGlobalSection
	GlobalSection(ExtensibilityGlobals) = postSolution
		SolutionGuid = {30310F4B-026B-4F6C-BFCC-6DCE5EA64BE6}
	EndGlobalSection
EndGlobal
